<?xml version="1.0" encoding="utf-8"?>
<Project ToolsVersion="4.0" xmlns="http://schemas.microsoft.com/developer/msbuild/2003">
  <ItemGroup>
    <Filter Include="Source Files">
      <UniqueIdentifier>{4FC737F1-C7A5-4376-A066-2A32D752A2FF}</UniqueIdentifier>
      <Extensions>cpp;c;cc;cxx;def;odl;idl;hpj;bat;asm;asmx</Extensions>
    </Filter>
    <Filter Include="Header Files">
      <UniqueIdentifier>{93995380-89BD-4b04-88EB-625FBE52EBFB}</UniqueIdentifier>
      <Extensions>h;hpp;hxx;hm;inl;inc;xsd</Extensions>
    </Filter>
    <Filter Include="Resource Files">
      <UniqueIdentifier>{67DA6AB6-F800-4c08-8B7A-83BB121AAD01}</UniqueIdentifier>
      <Extensions>rc;ico;cur;bmp;dlg;rc2;rct;bin;rgs;gif;jpg;jpeg;jpe;resx;tiff;tif;png;wav;mfcribbon-ms</Extensions>
    </Filter>
  </ItemGroup>
  <ItemGroup>
    <None Include="ReadMe.txt" />
  </ItemGroup>
  <ItemGroup>
    <ClCompile Include="..\RakNet2\WSAStartupSingleton.cpp">
      <Filter>Header Files</Filter>
    </ClCompile>
    <ClCompile Include="..\RakNet2\VitaIncludes.cpp">
      <Filter>Header Files</Filter>
    </ClCompile>
    <ClCompile Include="..\RakNet2\VariadicSQLParser.cpp">
      <Filter>Header Files</Filter>
    </ClCompile>
    <ClCompile Include="..\RakNet2\VariableListDeltaTracker.cpp">
      <Filter>Header Files</Filter>
    </ClCompile>
    <ClCompile Include="..\RakNet2\VariableDeltaSerializer.cpp">
      <Filter>Header Files</Filter>
    </ClCompile>
    <ClCompile Include="..\RakNet2\UDPProxyServer.cpp">
      <Filter>Header Files</Filter>
    </ClCompile>
    <ClCompile Include="..\RakNet2\UDPProxyCoordinator.cpp">
      <Filter>Header Files</Filter>
    </ClCompile>
    <ClCompile Include="..\RakNet2\UDPProxyClient.cpp">
      <Filter>Header Files</Filter>
    </ClCompile>
    <ClCompile Include="..\RakNet2\UDPForwarder.cpp">
      <Filter>Header Files</Filter>
    </ClCompile>
    <ClCompile Include="..\RakNet2\TwoWayAuthentication.cpp">
      <Filter>Header Files</Filter>
    </ClCompile>
    <ClCompile Include="..\RakNet2\ThreadsafePacketLogger.cpp">
      <Filter>Header Files</Filter>
    </ClCompile>
    <ClCompile Include="..\RakNet2\TelnetTransport.cpp">
      <Filter>Header Files</Filter>
    </ClCompile>
    <ClCompile Include="..\RakNet2\TeamManager.cpp">
      <Filter>Header Files</Filter>
    </ClCompile>
    <ClCompile Include="..\RakNet2\TeamBalancer.cpp">
      <Filter>Header Files</Filter>
    </ClCompile>
    <ClCompile Include="..\RakNet2\TCPInterface.cpp">
      <Filter>Header Files</Filter>
    </ClCompile>
    <ClCompile Include="..\RakNet2\TableSerializer.cpp">
      <Filter>Header Files</Filter>
    </ClCompile>
    <ClCompile Include="..\RakNet2\SuperFastHash.cpp">
      <Filter>Header Files</Filter>
    </ClCompile>
    <ClCompile Include="..\RakNet2\StringTable.cpp">
      <Filter>Header Files</Filter>
    </ClCompile>
    <ClCompile Include="..\RakNet2\StringCompressor.cpp">
      <Filter>Header Files</Filter>
    </ClCompile>
    <ClCompile Include="..\RakNet2\StatisticsHistory.cpp">
      <Filter>Header Files</Filter>
    </ClCompile>
    <ClCompile Include="..\RakNet2\SocketLayer.cpp">
      <Filter>Header Files</Filter>
    </ClCompile>
    <ClCompile Include="..\RakNet2\SimpleMutex.cpp">
      <Filter>Header Files</Filter>
    </ClCompile>
    <ClCompile Include="..\RakNet2\SignaledEvent.cpp">
      <Filter>Header Files</Filter>
    </ClCompile>
    <ClCompile Include="..\RakNet2\SHA1.cpp">
      <Filter>Header Files</Filter>
    </ClCompile>
    <ClCompile Include="..\RakNet2\SendToThread.cpp">
      <Filter>Header Files</Filter>
    </ClCompile>
    <ClCompile Include="..\RakNet2\SecureHandshake.cpp">
      <Filter>Header Files</Filter>
    </ClCompile>
    <ClCompile Include="..\RakNet2\RPC4Plugin.cpp">
      <Filter>Header Files</Filter>
    </ClCompile>
    <ClCompile Include="..\RakNet2\Router2.cpp">
      <Filter>Header Files</Filter>
    </ClCompile>
    <ClCompile Include="..\RakNet2\ReplicaManager3.cpp">
      <Filter>Header Files</Filter>
    </ClCompile>
    <ClCompile Include="..\RakNet2\ReliabilityLayer.cpp">
      <Filter>Header Files</Filter>
    </ClCompile>
    <ClCompile Include="..\RakNet2\RelayPlugin.cpp">
      <Filter>Header Files</Filter>
    </ClCompile>
    <ClCompile Include="..\RakNet2\ReadyEvent.cpp">
      <Filter>Header Files</Filter>
    </ClCompile>
    <ClCompile Include="..\RakNet2\rdlmalloc.cpp">
      <Filter>Header Files</Filter>
    </ClCompile>
    <ClCompile Include="..\RakNet2\Rand.cpp">
      <Filter>Header Files</Filter>
    </ClCompile>
    <ClCompile Include="..\RakNet2\RakWString.cpp">
      <Filter>Header Files</Filter>
    </ClCompile>
    <ClCompile Include="..\RakNet2\RakThread.cpp">
      <Filter>Header Files</Filter>
    </ClCompile>
    <ClCompile Include="..\RakNet2\RakString.cpp">
      <Filter>Header Files</Filter>
    </ClCompile>
    <ClCompile Include="..\RakNet2\RakSleep.cpp">
      <Filter>Header Files</Filter>
    </ClCompile>
    <ClCompile Include="..\RakNet2\RakPeer.cpp">
      <Filter>Header Files</Filter>
    </ClCompile>
    <ClCompile Include="..\RakNet2\RakNetTypes.cpp">
      <Filter>Header Files</Filter>
    </ClCompile>
    <ClCompile Include="..\RakNet2\RakNetTransport2.cpp">
      <Filter>Header Files</Filter>
    </ClCompile>
    <ClCompile Include="..\RakNet2\RakNetStatistics.cpp">
      <Filter>Header Files</Filter>
    </ClCompile>
    <ClCompile Include="..\RakNet2\RakNetSocket2_WindowsStore8.cpp">
      <Filter>Header Files</Filter>
    </ClCompile>
    <ClCompile Include="..\RakNet2\RakNetSocket2_Windows_Linux_360.cpp">
      <Filter>Header Files</Filter>
    </ClCompile>
    <ClCompile Include="..\RakNet2\RakNetSocket2_Windows_Linux.cpp">
      <Filter>Header Files</Filter>
    </ClCompile>
    <ClCompile Include="..\RakNet2\RakNetSocket2_Vita.cpp">
      <Filter>Header Files</Filter>
    </ClCompile>
    <ClCompile Include="..\RakNet2\RakNetSocket2_PS3_PS4.cpp">
      <Filter>Header Files</Filter>
    </ClCompile>
    <ClCompile Include="..\RakNet2\RakNetSocket2_NativeClient.cpp">
      <Filter>Header Files</Filter>
    </ClCompile>
    <ClCompile Include="..\RakNet2\RakNetSocket2_Berkley_NativeClient.cpp">
      <Filter>Header Files</Filter>
    </ClCompile>
    <ClCompile Include="..\RakNet2\RakNetSocket2_Berkley.cpp">
      <Filter>Header Files</Filter>
    </ClCompile>
    <ClCompile Include="..\RakNet2\RakNetSocket2_360_720.cpp">
      <Filter>Header Files</Filter>
    </ClCompile>
    <ClCompile Include="..\RakNet2\RakNetSocket2.cpp">
      <Filter>Header Files</Filter>
    </ClCompile>
    <ClCompile Include="..\RakNet2\RakNetSocket.cpp">
      <Filter>Header Files</Filter>
    </ClCompile>
    <ClCompile Include="..\RakNet2\RakNetCommandParser.cpp">
      <Filter>Header Files</Filter>
    </ClCompile>
    <ClCompile Include="..\RakNet2\RakMemoryOverride.cpp">
      <Filter>Header Files</Filter>
    </ClCompile>
    <ClCompile Include="..\RakNet2\Rackspace.cpp">
      <Filter>Header Files</Filter>
    </ClCompile>
    <ClCompile Include="..\RakNet2\PluginInterface2.cpp">
      <Filter>Header Files</Filter>
    </ClCompile>
    <ClCompile Include="..\RakNet2\PacketOutputWindowLogger.cpp">
      <Filter>Header Files</Filter>
    </ClCompile>
    <ClCompile Include="..\RakNet2\PacketLogger.cpp">
      <Filter>Header Files</Filter>
    </ClCompile>
    <ClCompile Include="..\RakNet2\PacketizedTCP.cpp">
      <Filter>Header Files</Filter>
    </ClCompile>
    <ClCompile Include="..\RakNet2\PacketFileLogger.cpp">
      <Filter>Header Files</Filter>
    </ClCompile>
    <ClCompile Include="..\RakNet2\PacketConsoleLogger.cpp">
      <Filter>Header Files</Filter>
    </ClCompile>
    <ClCompile Include="..\RakNet2\NetworkIDObject.cpp">
      <Filter>Header Files</Filter>
    </ClCompile>
    <ClCompile Include="..\RakNet2\NetworkIDManager.cpp">
      <Filter>Header Files</Filter>
    </ClCompile>
    <ClCompile Include="..\RakNet2\NatTypeDetectionServer.cpp">
      <Filter>Header Files</Filter>
    </ClCompile>
    <ClCompile Include="..\RakNet2\NatTypeDetectionCommon.cpp">
      <Filter>Header Files</Filter>
    </ClCompile>
    <ClCompile Include="..\RakNet2\NatTypeDetectionClient.cpp">
      <Filter>Header Files</Filter>
    </ClCompile>
    <ClCompile Include="..\RakNet2\NatPunchthroughServer.cpp">
      <Filter>Header Files</Filter>
    </ClCompile>
    <ClCompile Include="..\RakNet2\NatPunchthroughClient.cpp">
      <Filter>Header Files</Filter>
    </ClCompile>
    <ClCompile Include="..\RakNet2\MessageFilter.cpp">
      <Filter>Header Files</Filter>
    </ClCompile>
    <ClCompile Include="..\RakNet2\LogCommandParser.cpp">
      <Filter>Header Files</Filter>
    </ClCompile>
    <ClCompile Include="..\RakNet2\LocklessTypes.cpp">
      <Filter>Header Files</Filter>
    </ClCompile>
    <ClCompile Include="..\RakNet2\LinuxStrings.cpp">
      <Filter>Header Files</Filter>
    </ClCompile>
    <ClCompile Include="..\RakNet2\Itoa.cpp">
      <Filter>Header Files</Filter>
    </ClCompile>
    <ClCompile Include="..\RakNet2\IncrementalReadInterface.cpp">
      <Filter>Header Files</Filter>
    </ClCompile>
    <ClCompile Include="..\RakNet2\HTTPConnection2.cpp">
      <Filter>Header Files</Filter>
    </ClCompile>
    <ClCompile Include="..\RakNet2\HTTPConnection.cpp">
      <Filter>Header Files</Filter>
    </ClCompile>
    <ClCompile Include="..\RakNet2\GridSectorizer.cpp">
      <Filter>Header Files</Filter>
    </ClCompile>
    <ClCompile Include="..\RakNet2\gettimeofday.cpp">
      <Filter>Header Files</Filter>
    </ClCompile>
    <ClCompile Include="..\RakNet2\GetTime.cpp">
      <Filter>Header Files</Filter>
    </ClCompile>
    <ClCompile Include="..\RakNet2\Gets.cpp">
      <Filter>Header Files</Filter>
    </ClCompile>
    <ClCompile Include="..\RakNet2\Getche.cpp">
      <Filter>Header Files</Filter>
    </ClCompile>
    <ClCompile Include="..\RakNet2\FullyConnectedMesh2.cpp">
      <Filter>Header Files</Filter>
    </ClCompile>
    <ClCompile Include="..\RakNet2\FormatString.cpp">
      <Filter>Header Files</Filter>
    </ClCompile>
    <ClCompile Include="..\RakNet2\FileOperations.cpp">
      <Filter>Header Files</Filter>
    </ClCompile>
    <ClCompile Include="..\RakNet2\FileListTransfer.cpp">
      <Filter>Header Files</Filter>
    </ClCompile>
    <ClCompile Include="..\RakNet2\FileList.cpp">
      <Filter>Header Files</Filter>
    </ClCompile>
    <ClCompile Include="..\RakNet2\EpochTimeToString.cpp">
      <Filter>Header Files</Filter>
    </ClCompile>
    <ClCompile Include="..\RakNet2\EncodeClassName.cpp">
      <Filter>Header Files</Filter>
    </ClCompile>
    <ClCompile Include="..\RakNet2\EmailSender.cpp">
      <Filter>Header Files</Filter>
    </ClCompile>
    <ClCompile Include="..\RakNet2\DynDNS.cpp">
      <Filter>Header Files</Filter>
    </ClCompile>
    <ClCompile Include="..\RakNet2\DS_Table.cpp">
      <Filter>Header Files</Filter>
    </ClCompile>
    <ClCompile Include="..\RakNet2\DS_HuffmanEncodingTree.cpp">
      <Filter>Header Files</Filter>
    </ClCompile>
    <ClCompile Include="..\RakNet2\DS_ByteQueue.cpp">
      <Filter>Header Files</Filter>
    </ClCompile>
    <ClCompile Include="..\RakNet2\DS_BytePool.cpp">
      <Filter>Header Files</Filter>
    </ClCompile>
    <ClCompile Include="..\RakNet2\DirectoryDeltaTransfer.cpp">
      <Filter>Header Files</Filter>
    </ClCompile>
    <ClCompile Include="..\RakNet2\DataCompressor.cpp">
      <Filter>Header Files</Filter>
    </ClCompile>
    <ClCompile Include="..\RakNet2\ConsoleServer.cpp">
      <Filter>Header Files</Filter>
    </ClCompile>
    <ClCompile Include="..\RakNet2\ConnectionGraph2.cpp">
      <Filter>Header Files</Filter>
    </ClCompile>
    <ClCompile Include="..\RakNet2\CommandParserInterface.cpp">
      <Filter>Header Files</Filter>
    </ClCompile>
    <ClCompile Include="..\RakNet2\CloudServer.cpp">
      <Filter>Header Files</Filter>
    </ClCompile>
    <ClCompile Include="..\RakNet2\CloudCommon.cpp">
      <Filter>Header Files</Filter>
    </ClCompile>
    <ClCompile Include="..\RakNet2\CloudClient.cpp">
      <Filter>Header Files</Filter>
    </ClCompile>
    <ClCompile Include="..\RakNet2\CheckSum.cpp">
      <Filter>Header Files</Filter>
    </ClCompile>
    <ClCompile Include="..\RakNet2\CCRakNetUDT.cpp">
      <Filter>Header Files</Filter>
    </ClCompile>
    <ClCompile Include="..\RakNet2\CCRakNetSlidingWindow.cpp">
      <Filter>Header Files</Filter>
    </ClCompile>
    <ClCompile Include="..\RakNet2\BitStream.cpp">
      <Filter>Header Files</Filter>
    </ClCompile>
    <ClCompile Include="..\RakNet2\Base64Encoder.cpp">
      <Filter>Header Files</Filter>
    </ClCompile>
    <ClCompile Include="..\RakNet2\_FindFirst.cpp">
      <Filter>Header Files</Filter>
    </ClCompile>
  </ItemGroup>
  <ItemGroup>
    <ClInclude Include="..\RakNet2\XBox360Includes.h">
      <Filter>Header Files</Filter>
    </ClInclude>
    <ClInclude Include="..\RakNet2\WSAStartupSingleton.h">
      <Filter>Header Files</Filter>
    </ClInclude>
    <ClInclude Include="..\RakNet2\WindowsIncludes.h">
      <Filter>Header Files</Filter>
    </ClInclude>
    <ClInclude Include="..\RakNet2\VitaIncludes.h">
      <Filter>Header Files</Filter>
    </ClInclude>
    <ClInclude Include="..\RakNet2\VariadicSQLParser.h">
      <Filter>Header Files</Filter>
    </ClInclude>
    <ClInclude Include="..\RakNet2\VariableListDeltaTracker.h">
      <Filter>Header Files</Filter>
    </ClInclude>
    <ClInclude Include="..\RakNet2\VariableDeltaSerializer.h">
      <Filter>Header Files</Filter>
    </ClInclude>
    <ClInclude Include="..\RakNet2\UDPProxyServer.h">
      <Filter>Header Files</Filter>
    </ClInclude>
    <ClInclude Include="..\RakNet2\UDPProxyCoordinator.h">
      <Filter>Header Files</Filter>
    </ClInclude>
    <ClInclude Include="..\RakNet2\UDPProxyCommon.h">
      <Filter>Header Files</Filter>
    </ClInclude>
    <ClInclude Include="..\RakNet2\UDPProxyClient.h">
      <Filter>Header Files</Filter>
    </ClInclude>
    <ClInclude Include="..\RakNet2\UDPForwarder.h">
      <Filter>Header Files</Filter>
    </ClInclude>
    <ClInclude Include="..\RakNet2\TwoWayAuthentication.h">
      <Filter>Header Files</Filter>
    </ClInclude>
    <ClInclude Include="..\RakNet2\TransportInterface.h">
      <Filter>Header Files</Filter>
    </ClInclude>
    <ClInclude Include="..\RakNet2\ThreadsafePacketLogger.h">
      <Filter>Header Files</Filter>
    </ClInclude>
    <ClInclude Include="..\RakNet2\ThreadPool.h">
      <Filter>Header Files</Filter>
    </ClInclude>
    <ClInclude Include="..\RakNet2\TelnetTransport.h">
      <Filter>Header Files</Filter>
    </ClInclude>
    <ClInclude Include="..\RakNet2\TeamManager.h">
      <Filter>Header Files</Filter>
    </ClInclude>
    <ClInclude Include="..\RakNet2\TeamBalancer.h">
      <Filter>Header Files</Filter>
    </ClInclude>
    <ClInclude Include="..\RakNet2\TCPInterface.h">
      <Filter>Header Files</Filter>
    </ClInclude>
    <ClInclude Include="..\RakNet2\TableSerializer.h">
      <Filter>Header Files</Filter>
    </ClInclude>
    <ClInclude Include="..\RakNet2\SuperFastHash.h">
      <Filter>Header Files</Filter>
    </ClInclude>
    <ClInclude Include="..\RakNet2\StringTable.h">
      <Filter>Header Files</Filter>
    </ClInclude>
    <ClInclude Include="..\RakNet2\StringCompressor.h">
      <Filter>Header Files</Filter>
    </ClInclude>
    <ClInclude Include="..\RakNet2\StatisticsHistory.h">
      <Filter>Header Files</Filter>
    </ClInclude>
    <ClInclude Include="..\RakNet2\SocketLayer.h">
      <Filter>Header Files</Filter>
    </ClInclude>
    <ClInclude Include="..\RakNet2\SocketIncludes.h">
      <Filter>Header Files</Filter>
    </ClInclude>
    <ClInclude Include="..\RakNet2\SocketDefines.h">
      <Filter>Header Files</Filter>
    </ClInclude>
    <ClInclude Include="..\RakNet2\SingleProducerConsumer.h">
      <Filter>Header Files</Filter>
    </ClInclude>
    <ClInclude Include="..\RakNet2\SimpleTCPServer.h">
      <Filter>Header Files</Filter>
    </ClInclude>
    <ClInclude Include="..\RakNet2\SimpleMutex.h">
      <Filter>Header Files</Filter>
    </ClInclude>
    <ClInclude Include="..\RakNet2\SignaledEvent.h">
      <Filter>Header Files</Filter>
    </ClInclude>
    <ClInclude Include="..\RakNet2\SHA1.h">
      <Filter>Header Files</Filter>
    </ClInclude>
    <ClInclude Include="..\RakNet2\SendToThread.h">
      <Filter>Header Files</Filter>
    </ClInclude>
    <ClInclude Include="..\RakNet2\SecureHandshake.h">
      <Filter>Header Files</Filter>
    </ClInclude>
    <ClInclude Include="..\RakNet2\RPC4Plugin.h">
      <Filter>Header Files</Filter>
    </ClInclude>
    <ClInclude Include="..\RakNet2\Router2.h">
      <Filter>Header Files</Filter>
    </ClInclude>
    <ClInclude Include="..\RakNet2\ReplicaManager3.h">
      <Filter>Header Files</Filter>
    </ClInclude>
    <ClInclude Include="..\RakNet2\ReplicaEnums.h">
      <Filter>Header Files</Filter>
    </ClInclude>
    <ClInclude Include="..\RakNet2\ReliabilityLayer.h">
      <Filter>Header Files</Filter>
    </ClInclude>
    <ClInclude Include="..\RakNet2\RelayPlugin.h">
      <Filter>Header Files</Filter>
    </ClInclude>
    <ClInclude Include="..\RakNet2\RefCountedObj.h">
      <Filter>Header Files</Filter>
    </ClInclude>
    <ClInclude Include="..\RakNet2\ReadyEvent.h">
      <Filter>Header Files</Filter>
    </ClInclude>
    <ClInclude Include="..\RakNet2\rdlmalloc-options.h">
      <Filter>Header Files</Filter>
    </ClInclude>
    <ClInclude Include="..\RakNet2\rdlmalloc.h">
      <Filter>Header Files</Filter>
    </ClInclude>
    <ClInclude Include="..\RakNet2\Rand.h">
      <Filter>Header Files</Filter>
    </ClInclude>
    <ClInclude Include="..\RakNet2\RakWString.h">
      <Filter>Header Files</Filter>
    </ClInclude>
    <ClInclude Include="..\RakNet2\RakThread.h">
      <Filter>Header Files</Filter>
    </ClInclude>
    <ClInclude Include="..\RakNet2\RakString.h">
      <Filter>Header Files</Filter>
    </ClInclude>
    <ClInclude Include="..\RakNet2\RakSleep.h">
      <Filter>Header Files</Filter>
    </ClInclude>
    <ClInclude Include="..\RakNet2\RakPeerInterface.h">
      <Filter>Header Files</Filter>
    </ClInclude>
    <ClInclude Include="..\RakNet2\RakPeer.h">
      <Filter>Header Files</Filter>
    </ClInclude>
    <ClInclude Include="..\RakNet2\RakNetVersion.h">
      <Filter>Header Files</Filter>
    </ClInclude>
    <ClInclude Include="..\RakNet2\RakNetTypes.h">
      <Filter>Header Files</Filter>
    </ClInclude>
    <ClInclude Include="..\RakNet2\RakNetTransport2.h">
      <Filter>Header Files</Filter>
    </ClInclude>
    <ClInclude Include="..\RakNet2\RakNetTime.h">
      <Filter>Header Files</Filter>
    </ClInclude>
    <ClInclude Include="..\RakNet2\RakNetStatistics.h">
      <Filter>Header Files</Filter>
    </ClInclude>
    <ClInclude Include="..\RakNet2\RakNetSocket2.h">
      <Filter>Header Files</Filter>
    </ClInclude>
    <ClInclude Include="..\RakNet2\RakNetSocket.h">
      <Filter>Header Files</Filter>
    </ClInclude>
    <ClInclude Include="..\RakNet2\RakNetSmartPtr.h">
      <Filter>Header Files</Filter>
    </ClInclude>
    <ClInclude Include="..\RakNet2\RakNetDefinesOverrides.h">
      <Filter>Header Files</Filter>
    </ClInclude>
    <ClInclude Include="..\RakNet2\RakNetDefines.h">
      <Filter>Header Files</Filter>
    </ClInclude>
    <ClInclude Include="..\RakNet2\RakNetCommandParser.h">
      <Filter>Header Files</Filter>
    </ClInclude>
    <ClInclude Include="..\RakNet2\RakMemoryOverride.h">
      <Filter>Header Files</Filter>
    </ClInclude>
    <ClInclude Include="..\RakNet2\RakAssert.h">
      <Filter>Header Files</Filter>
    </ClInclude>
    <ClInclude Include="..\RakNet2\RakAlloca.h">
      <Filter>Header Files</Filter>
    </ClInclude>
    <ClInclude Include="..\RakNet2\Rackspace.h">
      <Filter>Header Files</Filter>
    </ClInclude>
    <ClInclude Include="..\RakNet2\PS3Includes.h">
      <Filter>Header Files</Filter>
    </ClInclude>
    <ClInclude Include="..\RakNet2\PluginInterface2.h">
      <Filter>Header Files</Filter>
    </ClInclude>
    <ClInclude Include="..\RakNet2\PacketPriority.h">
      <Filter>Header Files</Filter>
    </ClInclude>
    <ClInclude Include="..\RakNet2\PacketPool.h">
      <Filter>Header Files</Filter>
    </ClInclude>
    <ClInclude Include="..\RakNet2\PacketOutputWindowLogger.h">
      <Filter>Header Files</Filter>
    </ClInclude>
    <ClInclude Include="..\RakNet2\PacketLogger.h">
      <Filter>Header Files</Filter>
    </ClInclude>
    <ClInclude Include="..\RakNet2\PacketizedTCP.h">
      <Filter>Header Files</Filter>
    </ClInclude>
    <ClInclude Include="..\RakNet2\PacketFileLogger.h">
      <Filter>Header Files</Filter>
    </ClInclude>
    <ClInclude Include="..\RakNet2\PacketConsoleLogger.h">
      <Filter>Header Files</Filter>
    </ClInclude>
    <ClInclude Include="..\RakNet2\NetworkIDObject.h">
      <Filter>Header Files</Filter>
    </ClInclude>
    <ClInclude Include="..\RakNet2\NetworkIDManager.h">
      <Filter>Header Files</Filter>
    </ClInclude>
    <ClInclude Include="..\RakNet2\NatTypeDetectionServer.h">
      <Filter>Header Files</Filter>
    </ClInclude>
    <ClInclude Include="..\RakNet2\NatTypeDetectionCommon.h">
      <Filter>Header Files</Filter>
    </ClInclude>
    <ClInclude Include="..\RakNet2\NatTypeDetectionClient.h">
      <Filter>Header Files</Filter>
    </ClInclude>
    <ClInclude Include="..\RakNet2\NatPunchthroughServer.h">
      <Filter>Header Files</Filter>
    </ClInclude>
    <ClInclude Include="..\RakNet2\NatPunchthroughClient.h">
      <Filter>Header Files</Filter>
    </ClInclude>
    <ClInclude Include="..\RakNet2\NativeTypes.h">
      <Filter>Header Files</Filter>
    </ClInclude>
    <ClInclude Include="..\RakNet2\NativeFeatureIncludesOverrides.h">
      <Filter>Header Files</Filter>
    </ClInclude>
    <ClInclude Include="..\RakNet2\NativeFeatureIncludes.h">
      <Filter>Header Files</Filter>
    </ClInclude>
    <ClInclude Include="..\RakNet2\MTUSize.h">
      <Filter>Header Files</Filter>
    </ClInclude>
    <ClInclude Include="..\RakNet2\MessageIdentifiers.h">
      <Filter>Header Files</Filter>
    </ClInclude>
    <ClInclude Include="..\RakNet2\MessageFilter.h">
      <Filter>Header Files</Filter>
    </ClInclude>
    <ClInclude Include="..\RakNet2\LogCommandParser.h">
      <Filter>Header Files</Filter>
    </ClInclude>
    <ClInclude Include="..\RakNet2\LocklessTypes.h">
      <Filter>Header Files</Filter>
    </ClInclude>
    <ClInclude Include="..\RakNet2\LinuxStrings.h">
      <Filter>Header Files</Filter>
    </ClInclude>
    <ClInclude Include="..\RakNet2\Kbhit.h">
      <Filter>Header Files</Filter>
    </ClInclude>
    <ClInclude Include="..\RakNet2\Itoa.h">
      <Filter>Header Files</Filter>
    </ClInclude>
    <ClInclude Include="..\RakNet2\InternalPacket.h">
      <Filter>Header Files</Filter>
    </ClInclude>
    <ClInclude Include="..\RakNet2\IncrementalReadInterface.h">
      <Filter>Header Files</Filter>
    </ClInclude>
    <ClInclude Include="..\RakNet2\HTTPConnection2.h">
      <Filter>Header Files</Filter>
    </ClInclude>
    <ClInclude Include="..\RakNet2\HTTPConnection.h">
      <Filter>Header Files</Filter>
    </ClInclude>
    <ClInclude Include="..\RakNet2\GridSectorizer.h">
      <Filter>Header Files</Filter>
    </ClInclude>
    <ClInclude Include="..\RakNet2\gettimeofday.h">
      <Filter>Header Files</Filter>
    </ClInclude>
    <ClInclude Include="..\RakNet2\GetTime.h">
      <Filter>Header Files</Filter>
    </ClInclude>
    <ClInclude Include="..\RakNet2\Gets.h">
      <Filter>Header Files</Filter>
    </ClInclude>
    <ClInclude Include="..\RakNet2\Getche.h">
      <Filter>Header Files</Filter>
    </ClInclude>
    <ClInclude Include="..\RakNet2\FullyConnectedMesh2.h">
      <Filter>Header Files</Filter>
    </ClInclude>
    <ClInclude Include="..\RakNet2\FormatString.h">
      <Filter>Header Files</Filter>
    </ClInclude>
    <ClInclude Include="..\RakNet2\FileOperations.h">
      <Filter>Header Files</Filter>
    </ClInclude>
    <ClInclude Include="..\RakNet2\FileListTransferCBInterface.h">
      <Filter>Header Files</Filter>
    </ClInclude>
    <ClInclude Include="..\RakNet2\FileListTransfer.h">
      <Filter>Header Files</Filter>
    </ClInclude>
    <ClInclude Include="..\RakNet2\FileListNodeContext.h">
      <Filter>Header Files</Filter>
    </ClInclude>
    <ClInclude Include="..\RakNet2\FileList.h">
      <Filter>Header Files</Filter>
    </ClInclude>
    <ClInclude Include="..\RakNet2\Export.h">
      <Filter>Header Files</Filter>
    </ClInclude>
    <ClInclude Include="..\RakNet2\EpochTimeToString.h">
      <Filter>Header Files</Filter>
    </ClInclude>
    <ClInclude Include="..\RakNet2\EmptyHeader.h">
      <Filter>Header Files</Filter>
    </ClInclude>
    <ClInclude Include="..\RakNet2\EmailSender.h">
      <Filter>Header Files</Filter>
    </ClInclude>
    <ClInclude Include="..\RakNet2\DynDNS.h">
      <Filter>Header Files</Filter>
    </ClInclude>
    <ClInclude Include="..\RakNet2\DS_WeightedGraph.h">
      <Filter>Header Files</Filter>
    </ClInclude>
    <ClInclude Include="..\RakNet2\DS_Tree.h">
      <Filter>Header Files</Filter>
    </ClInclude>
    <ClInclude Include="..\RakNet2\DS_ThreadsafeAllocatingQueue.h">
      <Filter>Header Files</Filter>
    </ClInclude>
    <ClInclude Include="..\RakNet2\DS_Table.h">
      <Filter>Header Files</Filter>
    </ClInclude>
    <ClInclude Include="..\RakNet2\DS_RangeList.h">
      <Filter>Header Files</Filter>
    </ClInclude>
    <ClInclude Include="..\RakNet2\DS_QueueLinkedList.h">
      <Filter>Header Files</Filter>
    </ClInclude>
    <ClInclude Include="..\RakNet2\DS_Queue.h">
      <Filter>Header Files</Filter>
    </ClInclude>
    <ClInclude Include="..\RakNet2\DS_OrderedList.h">
      <Filter>Header Files</Filter>
    </ClInclude>
    <ClInclude Include="..\RakNet2\DS_OrderedChannelHeap.h">
      <Filter>Header Files</Filter>
    </ClInclude>
    <ClInclude Include="..\RakNet2\DS_Multilist.h">
      <Filter>Header Files</Filter>
    </ClInclude>
    <ClInclude Include="..\RakNet2\DS_MemoryPool.h">
      <Filter>Header Files</Filter>
    </ClInclude>
    <ClInclude Include="..\RakNet2\DS_Map.h">
      <Filter>Header Files</Filter>
    </ClInclude>
    <ClInclude Include="..\RakNet2\DS_List.h">
      <Filter>Header Files</Filter>
    </ClInclude>
    <ClInclude Include="..\RakNet2\DS_LinkedList.h">
      <Filter>Header Files</Filter>
    </ClInclude>
    <ClInclude Include="..\RakNet2\DS_HuffmanEncodingTreeNode.h">
      <Filter>Header Files</Filter>
    </ClInclude>
    <ClInclude Include="..\RakNet2\DS_HuffmanEncodingTreeFactory.h">
      <Filter>Header Files</Filter>
    </ClInclude>
    <ClInclude Include="..\RakNet2\DS_HuffmanEncodingTree.h">
      <Filter>Header Files</Filter>
    </ClInclude>
    <ClInclude Include="..\RakNet2\DS_Heap.h">
      <Filter>Header Files</Filter>
    </ClInclude>
    <ClInclude Include="..\RakNet2\DS_Hash.h">
      <Filter>Header Files</Filter>
    </ClInclude>
    <ClInclude Include="..\RakNet2\DS_ByteQueue.h">
      <Filter>Header Files</Filter>
    </ClInclude>
    <ClInclude Include="..\RakNet2\DS_BytePool.h">
      <Filter>Header Files</Filter>
    </ClInclude>
    <ClInclude Include="..\RakNet2\DS_BPlusTree.h">
      <Filter>Header Files</Filter>
    </ClInclude>
    <ClInclude Include="..\RakNet2\DS_BinarySearchTree.h">
      <Filter>Header Files</Filter>
    </ClInclude>
    <ClInclude Include="..\RakNet2\DirectoryDeltaTransfer.h">
      <Filter>Header Files</Filter>
    </ClInclude>
    <ClInclude Include="..\RakNet2\DataCompressor.h">
      <Filter>Header Files</Filter>
    </ClInclude>
    <ClInclude Include="..\RakNet2\ConsoleServer.h">
      <Filter>Header Files</Filter>
    </ClInclude>
    <ClInclude Include="..\RakNet2\ConnectionGraph2.h">
      <Filter>Header Files</Filter>
    </ClInclude>
    <ClInclude Include="..\RakNet2\CommandParserInterface.h">
      <Filter>Header Files</Filter>
    </ClInclude>
    <ClInclude Include="..\RakNet2\CloudServer.h">
      <Filter>Header Files</Filter>
    </ClInclude>
    <ClInclude Include="..\RakNet2\CloudCommon.h">
      <Filter>Header Files</Filter>
    </ClInclude>
    <ClInclude Include="..\RakNet2\CloudClient.h">
      <Filter>Header Files</Filter>
    </ClInclude>
    <ClInclude Include="..\RakNet2\CheckSum.h">
      <Filter>Header Files</Filter>
    </ClInclude>
    <ClInclude Include="..\RakNet2\CCRakNetUDT.h">
      <Filter>Header Files</Filter>
    </ClInclude>
    <ClInclude Include="..\RakNet2\CCRakNetSlidingWindow.h">
      <Filter>Header Files</Filter>
    </ClInclude>
    <ClInclude Include="..\RakNet2\BitStream.h">
      <Filter>Header Files</Filter>
    </ClInclude>
    <ClInclude Include="..\RakNet2\Base64Encoder.h">
      <Filter>Header Files</Filter>
    </ClInclude>
    <ClInclude Include="..\RakNet2\AutopatcherRepositoryInterface.h">
      <Filter>Header Files</Filter>
    </ClInclude>
    <ClInclude Include="..\RakNet2\AutopatcherPatchContext.h">
      <Filter>Header Files</Filter>
    </ClInclude>
    <ClInclude Include="..\RakNet2\_FindFirst.h">
      <Filter>Header Files</Filter>
    </ClInclude>
  </ItemGroup>
</Project>