<?xml version="1.0" encoding="utf-8"?>
<Project ToolsVersion="4.0" xmlns="http://schemas.microsoft.com/developer/msbuild/2003">
  <ItemGroup>
    <Filter Include="Source Files">
      <UniqueIdentifier>{4FC737F1-C7A5-4376-A066-2A32D752A2FF}</UniqueIdentifier>
      <Extensions>cpp;c;cc;cxx;def;odl;idl;hpj;bat;asm;asmx</Extensions>
    </Filter>
    <Filter Include="Header Files">
      <UniqueIdentifier>{93995380-89BD-4b04-88EB-625FBE52EBFB}</UniqueIdentifier>
      <Extensions>h;hpp;hxx;hm;inl;inc;xsd</Extensions>
    </Filter>
    <Filter Include="Resource Files">
      <UniqueIdentifier>{67DA6AB6-F800-4c08-8B7A-83BB121AAD01}</UniqueIdentifier>
      <Extensions>rc;ico;cur;bmp;dlg;rc2;rct;bin;rgs;gif;jpg;jpeg;jpe;resx;tiff;tif;png;wav;mfcribbon-ms</Extensions>
    </Filter>
    <Filter Include="Header Files\Game">
      <UniqueIdentifier>{5dd76e6c-dee8-45fa-9568-7b577ebc0029}</UniqueIdentifier>
    </Filter>
    <Filter Include="Source Files\Game">
      <UniqueIdentifier>{68c1bbcd-f3f2-4d51-a21a-416297d04372}</UniqueIdentifier>
    </Filter>
    <Filter Include="Header Files\DirectX">
      <UniqueIdentifier>{deabf4c7-28d7-4595-9e19-2b9238438271}</UniqueIdentifier>
    </Filter>
    <Filter Include="Source Files\DirectX">
      <UniqueIdentifier>{ae5702d6-11ab-4c96-9d86-7d79ec28e47a}</UniqueIdentifier>
    </Filter>
    <Filter Include="Header Files\Natives">
      <UniqueIdentifier>{ba0f3d20-7aea-4e5e-ac1e-33d34f5a49f1}</UniqueIdentifier>
    </Filter>
  </ItemGroup>
  <ItemGroup>
    <ClCompile Include="CustomFiberThread.cpp">
      <Filter>Source Files\Game</Filter>
    </ClCompile>
    <ClCompile Include="cPatcher.cpp">
      <Filter>Source Files</Filter>
    </ClCompile>
    <ClCompile Include="rageThread.cpp">
      <Filter>Source Files</Filter>
    </ClCompile>
    <ClCompile Include="memoryPipe.cpp">
      <Filter>Source Files</Filter>
    </ClCompile>
    <ClCompile Include="d3dHook.cpp">
      <Filter>Source Files\DirectX</Filter>
    </ClCompile>
    <ClCompile Include="d3dProxy.cpp">
      <Filter>Source Files\DirectX</Filter>
    </ClCompile>
    <ClCompile Include="d3dDeviceProxy.cpp">
      <Filter>Source Files\DirectX</Filter>
    </ClCompile>
    <ClCompile Include="natives.cpp">
      <Filter>Source Files</Filter>
    </ClCompile>
    <ClCompile Include="CXLiveHook.cpp">
      <Filter>Source Files</Filter>
    </ClCompile>
  </ItemGroup>
  <ItemGroup>
    <ClInclude Include="CustomFiberThread.h">
      <Filter>Header Files\Game</Filter>
    </ClInclude>
    <ClInclude Include="cPatcher.h">
      <Filter>Header Files</Filter>
    </ClInclude>
    <ClInclude Include="..\ivmpHack\CXLiveHook.h">
      <Filter>Header Files</Filter>
    </ClInclude>
    <ClInclude Include="rageThread.h">
      <Filter>Header Files</Filter>
    </ClInclude>
    <ClInclude Include="executionDefines.h">
      <Filter>Header Files</Filter>
    </ClInclude>
    <ClInclude Include="memoryPipe.h">
      <Filter>Header Files</Filter>
    </ClInclude>
    <ClInclude Include="memory.h">
      <Filter>Header Files</Filter>
    </ClInclude>
    <ClInclude Include="d3dHook.h">
      <Filter>Header Files\DirectX</Filter>
    </ClInclude>
    <ClInclude Include="d3dProxy.h">
      <Filter>Header Files\DirectX</Filter>
    </ClInclude>
    <ClInclude Include="d3dDeviceProxy.h">
      <Filter>Header Files\DirectX</Filter>
    </ClInclude>
    <ClInclude Include="detours.h">
      <Filter>Header Files\DirectX</Filter>
    </ClInclude>
    <ClInclude Include="natives.h">
      <Filter>Header Files</Filter>
    </ClInclude>
    <ClInclude Include="nativesList.h">
      <Filter>Header Files\Natives</Filter>
    </ClInclude>
    <ClInclude Include="ivScripting.h">
      <Filter>Header Files\Natives</Filter>
    </ClInclude>
    <ClInclude Include="ivEnums.h">
      <Filter>Header Files\Natives</Filter>
    </ClInclude>
  </ItemGroup>
</Project>